
Microsoft Visual Studio Solution File, Format Version 12.00
Project("{FAE04EC0-301F-11D3-BF4B-00C04F79EFBC}") = "MyThreadsExample", "MyThreadsExample\MyThreadsExample.csproj", "{548AFFED-AC0A-4F7B-A7FD-C05EAEF813A5}"
EndProject
Project("{FAE04EC0-301F-11D3-BF4B-00C04F79EFBC}") = "MyThreads", "MyThreads\MyThreads.csproj", "{7CDB6677-2D33-43BD-92B4-0B91B8CCDA14}"
EndProject
Global
	GlobalSection(SolutionConfigurationPlatforms) = preSolution
		Debug|Any CPU = Debug|Any CPU
		Release|Any CPU = Release|Any CPU
	EndGlobalSection
	GlobalSection(ProjectConfigurationPlatforms) = postSolution
		{548AFFED-AC0A-4F7B-A7FD-C05EAEF813A5}.Debug|Any CPU.ActiveCfg = Debug|Any CPU
		{548AFFED-AC0A-4F7B-A7FD-C05EAEF813A5}.Debug|Any CPU.Build.0 = Debug|Any CPU
		{548AFFED-AC0A-4F7B-A7FD-C05EAEF813A5}.Release|Any CPU.ActiveCfg = Release|Any CPU
		{548AFFED-AC0A-4F7B-A7FD-C05EAEF813A5}.Release|Any CPU.Build.0 = Release|Any CPU
		{7CDB6677-2D33-43BD-92B4-0B91B8CCDA14}.Debug|Any CPU.ActiveCfg = Debug|Any CPU
		{7CDB6677-2D33-43BD-92B4-0B91B8CCDA14}.Debug|Any CPU.Build.0 = Debug|Any CPU
		{7CDB6677-2D33-43BD-92B4-0B91B8CCDA14}.Release|Any CPU.ActiveCfg = Release|Any CPU
		{7CDB6677-2D33-43BD-92B4-0B91B8CCDA14}.Release|Any CPU.Build.0 = Release|Any CPU
	EndGlobalSection
EndGlobal
